
Microsoft Visual Studio Solution File, Format Version 12.00
# Visual Studio Version 16
VisualStudioVersion = 16.0.29926.136
MinimumVisualStudioVersion = 10.0.40219.1
Project("{FAE04EC0-301F-11D3-BF4B-00C04F79EFBC}") = "WindowsFormsApp1", "WindowsFormsApp1\WindowsFormsApp1.csproj", "{422D6512-E739-4723-93E5-C365CE3401BA}"
EndProject
Global
	GlobalSection(SolutionConfigurationPlatforms) = preSolution
		Debug|Any CPU = Debug|Any CPU
		Release|Any CPU = Release|Any CPU
	EndGlobalSection
	GlobalSection(ProjectConfigurationPlatforms) = postSolution
		{422D6512-E739-4723-93E5-C365CE3401BA}.Debug|Any CPU.ActiveCfg = Debug|Any CPU
		{422D6512-E739-4723-93E5-C365CE3401BA}.Debug|Any CPU.Build.0 = Debug|Any CPU
		{422D6512-E739-4723-93E5-C365CE3401BA}.Release|Any CPU.ActiveCfg = Release|Any CPU
		{422D6512-E739-4723-93E5-C365CE3401BA}.Release|Any CPU.Build.0 = Release|Any CPU
	EndGlobalSection
	GlobalSection(SolutionProperties) = preSolution
		HideSolutionNode = FALSE
	EndGlobalSection
	GlobalSection(ExtensibilityGlobals) = postSolution
		SolutionGuid = {B698F9DA-C979-4705-B737-6B5AFA7C7FBF}
	EndGlobalSection
EndGlobal
